
Microsoft Visual Studio Solution File, Format Version 12.00
# Visual Studio Version 16
VisualStudioVersion = 16.0.31025.194
MinimumVisualStudioVersion = 10.0.40219.1
Project("{FAE04EC0-301F-11D3-BF4B-00C04F79EFBC}") = "OrderSystem", "OrderSystem.csproj", "{A626A900-4A44-4D1F-8408-C22314C82F52}"
EndProject
Global
	GlobalSection(SolutionConfigurationPlatforms) = preSolution
		Debug|Any CPU = Debug|Any CPU
		Release|Any CPU = Release|Any CPU
	EndGlobalSection
	GlobalSection(ProjectConfigurationPlatforms) = postSolution
		{A626A900-4A44-4D1F-8408-C22314C82F52}.Debug|Any CPU.ActiveCfg = Debug|Any CPU
		{A626A900-4A44-4D1F-8408-C22314C82F52}.Debug|Any CPU.Build.0 = Debug|Any CPU
		{A626A900-4A44-4D1F-8408-C22314C82F52}.Release|Any CPU.ActiveCfg = Release|Any CPU
		{A626A900-4A44-4D1F-8408-C22314C82F52}.Release|Any CPU.Build.0 = Release|Any CPU
	EndGlobalSection
	GlobalSection(SolutionProperties) = preSolution
		HideSolutionNode = FALSE
	EndGlobalSection
	GlobalSection(ExtensibilityGlobals) = postSolution
		SolutionGuid = {AB86FC1B-2316-47E5-A553-9C13AD005163}
	EndGlobalSection
EndGlobal
